
Microsoft Visual Studio Solution File, Format Version 12.00
# Visual Studio Version 16
VisualStudioVersion = 16.0.30002.166
MinimumVisualStudioVersion = 10.0.40219.1
Project("{FAE04EC0-301F-11D3-BF4B-00C04F79EFBC}") = "HomeSalesTrackerApp", "HomeSalesTrackerApp\HomeSalesTrackerApp.csproj", "{583067A7-F8FB-4983-8DF7-94DD753B1F6E}"
EndProject
Global
	GlobalSection(SolutionConfigurationPlatforms) = preSolution
		Debug|Any CPU = Debug|Any CPU
		Release|Any CPU = Release|Any CPU
	EndGlobalSection
	GlobalSection(ProjectConfigurationPlatforms) = postSolution
		{583067A7-F8FB-4983-8DF7-94DD753B1F6E}.Debug|Any CPU.ActiveCfg = Debug|Any CPU
		{583067A7-F8FB-4983-8DF7-94DD753B1F6E}.Debug|Any CPU.Build.0 = Debug|Any CPU
		{583067A7-F8FB-4983-8DF7-94DD753B1F6E}.Release|Any CPU.ActiveCfg = Release|Any CPU
		{583067A7-F8FB-4983-8DF7-94DD753B1F6E}.Release|Any CPU.Build.0 = Release|Any CPU
	EndGlobalSection
	GlobalSection(SolutionProperties) = preSolution
		HideSolutionNode = FALSE
	EndGlobalSection
	GlobalSection(ExtensibilityGlobals) = postSolution
		SolutionGuid = {BAE935F4-D509-4B24-9E56-199E2B0B7D7B}
	EndGlobalSection
EndGlobal
